// !$*UTF8*$!
{
	archiveVersion = 1;
	classes = {
	};
	objectVersion = 46;
	objects = {

/* Begin PBXBuildFile section */
		7925D4921EFB515C00001F5B /* list.c in Sources */ = {isa = PBXBuildFile; fileRef = 7925D4901EFB515C00001F5B /* list.c */; };
		7925D4951EFB51CD00001F5B /* tool.c in Sources */ = {isa = PBXBuildFile; fileRef = 7925D4931EFB51CD00001F5B /* tool.c */; };
		794AD4851EF94F0C00F0758C /* main.c in Sources */ = {isa = PBXBuildFile; fileRef = 794AD4841EF94F0C00F0758C /* main.c */; };
/* End PBXBuildFile section */

/* Begin PBXCopyFilesBuildPhase section */
		794AD47F1EF94F0C00F0758C /* CopyFiles */ = {
			isa = PBXCopyFilesBuildPhase;
			buildActionMask = 2147483647;
			dstPath = /usr/share/man/man1/;
			dstSubfolderSpec = 0;
			files = (
			);
			runOnlyForDeploymentPostprocessing = 1;
		};
/* End PBXCopyFilesBuildPhase section */

/* Begin PBXFileReference section */
		7925D4901EFB515C00001F5B /* list.c */ = {isa = PBXFileReference; fileEncoding = 4; lastKnownFileType = sourcecode.c.c; path = list.c; sourceTree = "<group>"; };
		7925D4911EFB515C00001F5B /* list.h */ = {isa = PBXFileReference; fileEncoding = 4; lastKnownFileType = sourcecode.c.h; path = list.h; sourceTree = "<group>"; };
		7925D4931EFB51CD00001F5B /* tool.c */ = {isa = PBXFileReference; fileEncoding = 4; lastKnownFileType = sourcecode.c.c; path = tool.c; sourceTree = "<group>"; };
		7925D4941EFB51CD00001F5B /* tool.h */ = {isa = PBXFileReference; fileEncoding = 4; lastKnownFileType = sourcecode.c.h; path = tool.h; sourceTree = "<group>"; };
		794AD4811EF94F0C00F0758C /* chatServer */ = {isa = PBXFileReference; explicitFileType = "compiled.mach-o.executable"; includeInIndex = 0; path = chatServer; sourceTree = BUILT_PRODUCTS_DIR; };
		794AD4841EF94F0C00F0758C /* main.c */ = {isa = PBXFileReference; lastKnownFileType = sourcecode.c.c; path = main.c; sourceTree = "<group>"; };
		794AD48B1EF94F1B00F0758C /* all.h */ = {isa = PBXFileReference; lastKnownFileType = sourcecode.c.h; path = all.h; sourceTree = "<group>"; };
/* End PBXFileReference section */

/* Begin PBXFrameworksBuildPhase section */
		794AD47E1EF94F0C00F0758C /* Frameworks */ = {
			isa = PBXFrameworksBuildPhase;
			buildActionMask = 2147483647;
			files = (
			);
			runOnlyForDeploymentPostprocessing = 0;
		};
/* End PBXFrameworksBuildPhase section */

/* Begin PBXGroup section */
		794AD4781EF94F0C00F0758C = {
			isa = PBXGroup;
			children = (
				794AD4831EF94F0C00F0758C /* chatServer */,
				794AD4821EF94F0C00F0758C /* Products */,
			);
			sourceTree = "<group>";
		};
		794AD4821EF94F0C00F0758C /* Products */ = {
			isa = PBXGroup;
			children = (
				794AD4811EF94F0C00F0758C /* chatServer */,
			);
			name = Products;
			sourceTree = "<group>";
		};
		794AD4831EF94F0C00F0758C /* chatServer */ = {
			isa = PBXGroup;
			children = (
				794AD4841EF94F0C00F0758C /* main.c */,
				794AD48B1EF94F1B00F0758C /* all.h */,
				7925D4901EFB515C00001F5B /* list.c */,
				7925D4911EFB515C00001F5B /* list.h */,
				7925D4931EFB51CD00001F5B /* tool.c */,
				7925D4941EFB51CD00001F5B /* tool.h */,
			);
			path = chatServer;
			sourceTree = "<group>";
		};
/* End PBXGroup section */

/* Begin PBXNativeTarget section */
		794AD4801EF94F0C00F0758C /* chatServer */ = {
			isa = PBXNativeTarget;
			buildConfigurationList = 794AD4881EF94F0C00F0758C /* Build configuration list for PBXNativeTarget "chatServer" */;
			buildPhases = (
				794AD47D1EF94F0C00F0758C /* Sources */,
				794AD47E1EF94F0C00F0758C /* Frameworks */,
				794AD47F1EF94F0C00F0758C /* CopyFiles */,
			);
			buildRules = (
			);
			dependencies = (
			);
			name = chatServer;
			productName = chatServer;
			productReference = 794AD4811EF94F0C00F0758C /* chatServer */;
			productType = "com.apple.product-type.tool";
		};
/* End PBXNativeTarget section */

/* Begin PBXProject section */
		794AD4791EF94F0C00F0758C /* Project object */ = {
			isa = PBXProject;
			attributes = {
				LastUpgradeCheck = 0830;
				ORGANIZATIONNAME = zyl;
				TargetAttributes = {
					794AD4801EF94F0C00F0758C = {
						CreatedOnToolsVersion = 8.3.2;
						ProvisioningStyle = Automatic;
					};
				};
			};
			buildConfigurationList = 794AD47C1EF94F0C00F0758C /* Build configuration list for PBXProject "chatServer" */;
			compatibilityVersion = "Xcode 3.2";
			developmentRegion = English;
			hasScannedForEncodings = 0;
			knownRegions = (
				en,
			);
			mainGroup = 794AD4781EF94F0C00F0758C;
			productRefGroup = 794AD4821EF94F0C00F0758C /* Products */;
			projectDirPath = "";
			projectRoot = "";
			targets = (
				794AD4801EF94F0C00F0758C /* chatServer */,
			);
		};
/* End PBXProject section */

/* Begin PBXSourcesBuildPhase section */
		794AD47D1EF94F0C00F0758C /* Sources */ = {
			isa = PBXSourcesBuildPhase;
			buildActionMask = 2147483647;
			files = (
				7925D4951EFB51CD00001F5B /* tool.c in Sources */,
				794AD4851EF94F0C00F0758C /* main.c in Sources */,
				7925D4921EFB515C00001F5B /* list.c in Sources */,
			);
			runOnlyForDeploymentPostprocessing = 0;
		};
/* End PBXSourcesBuildPhase section */

/* Begin XCBuildConfiguration section */
		794AD4861EF94F0C00F0758C /* Debug */ = {
			isa = XCBuildConfiguration;
			buildSettings = {
				ALWAYS_SEARCH_USER_PATHS = NO;
				CLANG_ANALYZER_NONNULL = YES;
				CLANG_ANALYZER_NUMBER_OBJECT_CONVERSION = YES_AGGRESSIVE;
				CLANG_CXX_LANGUAGE_STANDARD = "gnu++0x";
				CLANG_CXX_LIBRARY = "libc++";
				CLANG_ENABLE_MODULES = YES;
				CLANG_ENABLE_OBJC_ARC = YES;
				CLANG_WARN_BOOL_CONVERSION = YES;
				CLANG_WARN_CONSTANT_CONVERSION = YES;
				CLANG_WARN_DIRECT_OBJC_ISA_USAGE = YES_ERROR;
				CLANG_WARN_DOCUMENTATION_COMMENTS = YES;
				CLANG_WARN_EMPTY_BODY = YES;
				CLANG_WARN_ENUM_CONVERSION = YES;
				CLANG_WARN_INFINITE_RECURSION = YES;
				CLANG_WARN_INT_CONVERSION = YES;
				CLANG_WARN_OBJC_ROOT_CLASS = YES_ERROR;
				CLANG_WARN_SUSPICIOUS_MOVE = YES;
				CLANG_WARN_UNREACHABLE_CODE = YES;
				CLANG_WARN__DUPLICATE_METHOD_MATCH = YES;
				CODE_SIGN_IDENTITY = "-";
				COPY_PHASE_STRIP = NO;
				DEBUG_INFORMATION_FORMAT = dwarf;
				ENABLE_STRICT_OBJC_MSGSEND = YES;
				ENABLE_TESTABILITY = YES;
				GCC_C_LANGUAGE_STANDARD = gnu99;
				GCC_DYNAMIC_NO_PIC = NO;
				GCC_NO_COMMON_BLOCKS = YES;
				GCC_OPTIMIZATION_LEVEL = 0;
				GCC_PREPROCESSOR_DEFINITIONS = (
					"DEBUG=1",
					"$(inherited)",
				);
				GCC_WARN_64_TO_32_BIT_CONVERSION = YES;
				GCC_WARN_ABOUT_RETURN_TYPE = YES_ERROR;
				GCC_WARN_UNDECLARED_SELECTOR = YES;
				GCC_WARN_UNINITIALIZED_AUTOS = YES_AGGRESSIVE;
				GCC_WARN_UNUSED_FUNCTION = YES;
				GCC_WARN_UNUSED_VARIABLE = YES;
				MACOSX_DEPLOYMENT_TARGET = 10.12;
				MTL_ENABLE_DEBUG_INFO = YES;
				ONLY_ACTIVE_ARCH = YES;
				SDKROOT = macosx;
			};
			name = Debug;
		};
		794AD4871EF94F0C00F0758C /* Release */ = {
			isa = XCBuildConfiguration;
			buildSettings = {
				ALWAYS_SEARCH_USER_PATHS = NO;
				CLANG_ANALYZER_NONNULL = YES;
				CLANG_ANALYZER_NUMBER_OBJECT_CONVERSION = YES_AGGRESSIVE;
				CLANG_CXX_LANGUAGE_STANDARD = "gnu++0x";
				CLANG_CXX_LIBRARY = "libc++";
				CLANG_ENABLE_MODULES = YES;
				CLANG_ENABLE_OBJC_ARC = YES;
				CLANG_WARN_BOOL_CONVERSION = YES;
				CLANG_WARN_CONSTANT_CONVERSION = YES;
				CLANG_WARN_DIRECT_OBJC_ISA_USAGE = YES_ERROR;
				CLANG_WARN_DOCUMENTATION_COMMENTS = YES;
				CLANG_WARN_EMPTY_BODY = YES;
				CLANG_WARN_ENUM_CONVERSION = YES;
				CLANG_WARN_INFINITE_RECURSION = YES;
				CLANG_WARN_INT_CONVERSION = YES;
				CLANG_WARN_OBJC_ROOT_CLASS = YES_ERROR;
				CLANG_WARN_SUSPICIOUS_MOVE = YES;
				CLANG_WARN_UNREACHABLE_CODE = YES;
				CLANG_WARN__DUPLICATE_METHOD_MATCH = YES;
				CODE_SIGN_IDENTITY = "-";
				COPY_PHASE_STRIP = NO;
				DEBUG_INFORMATION_FORMAT = "dwarf-with-dsym";
				ENABLE_NS_ASSERTIONS = NO;
				ENABLE_STRICT_OBJC_MSGSEND = YES;
				GCC_C_LANGUAGE_STANDARD = gnu99;
				GCC_NO_COMMON_BLOCKS = YES;
				GCC_WARN_64_TO_32_BIT_CONVERSION = YES;
				GCC_WARN_ABOUT_RETURN_TYPE = YES_ERROR;
				GCC_WARN_UNDECLARED_SELECTOR = YES;
				GCC_WARN_UNINITIALIZED_AUTOS = YES_AGGRESSIVE;
				GCC_WARN_UNUSED_FUNCTION = YES;
				GCC_WARN_UNUSED_VARIABLE = YES;
				MACOSX_DEPLOYMENT_TARGET = 10.12;
				MTL_ENABLE_DEBUG_INFO = NO;
				SDKROOT = macosx;
			};
			name = Release;
		};
		794AD4891EF94F0C00F0758C /* Debug */ = {
			isa = XCBuildConfiguration;
			buildSettings = {
				PRODUCT_NAME = "$(TARGET_NAME)";
			};
			name = Debug;
		};
		794AD48A1EF94F0C00F0758C /* Release */ = {
			isa = XCBuildConfiguration;
			buildSettings = {
				PRODUCT_NAME = "$(TARGET_NAME)";
			};
			name = Release;
		};
/* End XCBuildConfiguration section */

/* Begin XCConfigurationList section */
		794AD47C1EF94F0C00F0758C /* Build configuration list for PBXProject "chatServer" */ = {
			isa = XCConfigurationList;
			buildConfigurations = (
				794AD4861EF94F0C00F0758C /* Debug */,
				794AD4871EF94F0C00F0758C /* Release */,
			);
			defaultConfigurationIsVisible = 0;
			defaultConfigurationName = Release;
		};
		794AD4881EF94F0C00F0758C /* Build configuration list for PBXNativeTarget "chatServer" */ = {
			isa = XCConfigurationList;
			buildConfigurations = (
				794AD4891EF94F0C00F0758C /* Debug */,
				794AD48A1EF94F0C00F0758C /* Release */,
			);
			defaultConfigurationIsVisible = 0;
			defaultConfigurationName = Release;
		};
/* End XCConfigurationList section */
	};
	rootObject = 794AD4791EF94F0C00F0758C /* Project object */;
}
